// !$*UTF8*$!
{
	archiveVersion = 1;
	classes = {
	};
	objectVersion = 46;
	objects = {

/* Begin PBXBuildFile section */
		02099F641BDFA6FC00AF72D5 /* AppDelegate.swift in Sources */ = {isa = PBXBuildFile; fileRef = 02099F631BDFA6FC00AF72D5 /* AppDelegate.swift */; };
		02099F661BDFA6FC00AF72D5 /* ViewController.swift in Sources */ = {isa = PBXBuildFile; fileRef = 02099F651BDFA6FC00AF72D5 /* ViewController.swift */; };
		02099F691BDFA6FC00AF72D5 /* Main.storyboard in Resources */ = {isa = PBXBuildFile; fileRef = 02099F671BDFA6FC00AF72D5 /* Main.storyboard */; };
		02099F6C1BDFA6FD00AF72D5 /* PRJ_GeneralFramework_Swift.xcdatamodeld in Sources */ = {isa = PBXBuildFile; fileRef = 02099F6A1BDFA6FC00AF72D5 /* PRJ_GeneralFramework_Swift.xcdatamodeld */; };
		02099F6E1BDFA6FD00AF72D5 /* Assets.xcassets in Resources */ = {isa = PBXBuildFile; fileRef = 02099F6D1BDFA6FD00AF72D5 /* Assets.xcassets */; };
		02099F711BDFA6FD00AF72D5 /* LaunchScreen.storyboard in Resources */ = {isa = PBXBuildFile; fileRef = 02099F6F1BDFA6FD00AF72D5 /* LaunchScreen.storyboard */; };
		02099F7C1BDFA6FD00AF72D5 /* PRJ_GeneralFramework_SwiftTests.swift in Sources */ = {isa = PBXBuildFile; fileRef = 02099F7B1BDFA6FD00AF72D5 /* PRJ_GeneralFramework_SwiftTests.swift */; };
/* End PBXBuildFile section */

/* Begin PBXContainerItemProxy section */
		02099F781BDFA6FD00AF72D5 /* PBXContainerItemProxy */ = {
			isa = PBXContainerItemProxy;
			containerPortal = 02099F581BDFA6FC00AF72D5 /* Project object */;
			proxyType = 1;
			remoteGlobalIDString = 02099F5F1BDFA6FC00AF72D5;
			remoteInfo = PRJ_GeneralFramework_Swift;
		};
/* End PBXContainerItemProxy section */

/* Begin PBXFileReference section */
		02099F601BDFA6FC00AF72D5 /* PRJ_GeneralFramework_Swift.app */ = {isa = PBXFileReference; explicitFileType = wrapper.application; includeInIndex = 0; path = PRJ_GeneralFramework_Swift.app; sourceTree = BUILT_PRODUCTS_DIR; };
		02099F631BDFA6FC00AF72D5 /* AppDelegate.swift */ = {isa = PBXFileReference; lastKnownFileType = sourcecode.swift; path = AppDelegate.swift; sourceTree = "<group>"; };
		02099F651BDFA6FC00AF72D5 /* ViewController.swift */ = {isa = PBXFileReference; lastKnownFileType = sourcecode.swift; path = ViewController.swift; sourceTree = "<group>"; };
		02099F681BDFA6FC00AF72D5 /* Base */ = {isa = PBXFileReference; lastKnownFileType = file.storyboard; name = Base; path = Base.lproj/Main.storyboard; sourceTree = "<group>"; };
		02099F6B1BDFA6FC00AF72D5 /* PRJ_GeneralFramework_Swift.xcdatamodel */ = {isa = PBXFileReference; lastKnownFileType = wrapper.xcdatamodel; path = PRJ_GeneralFramework_Swift.xcdatamodel; sourceTree = "<group>"; };
		02099F6D1BDFA6FD00AF72D5 /* Assets.xcassets */ = {isa = PBXFileReference; lastKnownFileType = folder.assetcatalog; path = Assets.xcassets; sourceTree = "<group>"; };
		02099F701BDFA6FD00AF72D5 /* Base */ = {isa = PBXFileReference; lastKnownFileType = file.storyboard; name = Base; path = Base.lproj/LaunchScreen.storyboard; sourceTree = "<group>"; };
		02099F721BDFA6FD00AF72D5 /* Info.plist */ = {isa = PBXFileReference; lastKnownFileType = text.plist.xml; path = Info.plist; sourceTree = "<group>"; };
		02099F771BDFA6FD00AF72D5 /* PRJ_GeneralFramework_SwiftTests.xctest */ = {isa = PBXFileReference; explicitFileType = wrapper.cfbundle; includeInIndex = 0; path = PRJ_GeneralFramework_SwiftTests.xctest; sourceTree = BUILT_PRODUCTS_DIR; };
		02099F7B1BDFA6FD00AF72D5 /* PRJ_GeneralFramework_SwiftTests.swift */ = {isa = PBXFileReference; lastKnownFileType = sourcecode.swift; path = PRJ_GeneralFramework_SwiftTests.swift; sourceTree = "<group>"; };
		02099F7D1BDFA6FD00AF72D5 /* Info.plist */ = {isa = PBXFileReference; lastKnownFileType = text.plist.xml; path = Info.plist; sourceTree = "<group>"; };
/* End PBXFileReference section */

/* Begin PBXFrameworksBuildPhase section */
		02099F5D1BDFA6FC00AF72D5 /* Frameworks */ = {
			isa = PBXFrameworksBuildPhase;
			buildActionMask = 2147483647;
			files = (
			);
			runOnlyForDeploymentPostprocessing = 0;
		};
		02099F741BDFA6FD00AF72D5 /* Frameworks */ = {
			isa = PBXFrameworksBuildPhase;
			buildActionMask = 2147483647;
			files = (
			);
			runOnlyForDeploymentPostprocessing = 0;
		};
/* End PBXFrameworksBuildPhase section */

/* Begin PBXGroup section */
		02099F571BDFA6FC00AF72D5 = {
			isa = PBXGroup;
			children = (
				02099F621BDFA6FC00AF72D5 /* PRJ_GeneralFramework_Swift */,
				02099F7A1BDFA6FD00AF72D5 /* PRJ_GeneralFramework_SwiftTests */,
				02099F611BDFA6FC00AF72D5 /* Products */,
			);
			sourceTree = "<group>";
		};
		02099F611BDFA6FC00AF72D5 /* Products */ = {
			isa = PBXGroup;
			children = (
				02099F601BDFA6FC00AF72D5 /* PRJ_GeneralFramework_Swift.app */,
				02099F771BDFA6FD00AF72D5 /* PRJ_GeneralFramework_SwiftTests.xctest */,
			);
			name = Products;
			sourceTree = "<group>";
		};
		02099F621BDFA6FC00AF72D5 /* PRJ_GeneralFramework_Swift */ = {
			isa = PBXGroup;
			children = (
				02099F631BDFA6FC00AF72D5 /* AppDelegate.swift */,
				02099F651BDFA6FC00AF72D5 /* ViewController.swift */,
				02099F671BDFA6FC00AF72D5 /* Main.storyboard */,
				02099F6D1BDFA6FD00AF72D5 /* Assets.xcassets */,
				02099F6F1BDFA6FD00AF72D5 /* LaunchScreen.storyboard */,
				02099F721BDFA6FD00AF72D5 /* Info.plist */,
				02099F6A1BDFA6FC00AF72D5 /* PRJ_GeneralFramework_Swift.xcdatamodeld */,
			);
			path = PRJ_GeneralFramework_Swift;
			sourceTree = "<group>";
		};
		02099F7A1BDFA6FD00AF72D5 /* PRJ_GeneralFramework_SwiftTests */ = {
			isa = PBXGroup;
			children = (
				02099F7B1BDFA6FD00AF72D5 /* PRJ_GeneralFramework_SwiftTests.swift */,
				02099F7D1BDFA6FD00AF72D5 /* Info.plist */,
			);
			path = PRJ_GeneralFramework_SwiftTests;
			sourceTree = "<group>";
		};
/* End PBXGroup section */

/* Begin PBXNativeTarget section */
		02099F5F1BDFA6FC00AF72D5 /* PRJ_GeneralFramework_Swift */ = {
			isa = PBXNativeTarget;
			buildConfigurationList = 02099F801BDFA6FD00AF72D5 /* Build configuration list for PBXNativeTarget "PRJ_GeneralFramework_Swift" */;
			buildPhases = (
				02099F5C1BDFA6FC00AF72D5 /* Sources */,
				02099F5D1BDFA6FC00AF72D5 /* Frameworks */,
				02099F5E1BDFA6FC00AF72D5 /* Resources */,
			);
			buildRules = (
			);
			dependencies = (
			);
			name = PRJ_GeneralFramework_Swift;
			productName = PRJ_GeneralFramework_Swift;
			productReference = 02099F601BDFA6FC00AF72D5 /* PRJ_GeneralFramework_Swift.app */;
			productType = "com.apple.product-type.application";
		};
		02099F761BDFA6FD00AF72D5 /* PRJ_GeneralFramework_SwiftTests */ = {
			isa = PBXNativeTarget;
			buildConfigurationList = 02099F831BDFA6FD00AF72D5 /* Build configuration list for PBXNativeTarget "PRJ_GeneralFramework_SwiftTests" */;
			buildPhases = (
				02099F731BDFA6FD00AF72D5 /* Sources */,
				02099F741BDFA6FD00AF72D5 /* Frameworks */,
				02099F751BDFA6FD00AF72D5 /* Resources */,
			);
			buildRules = (
			);
			dependencies = (
				02099F791BDFA6FD00AF72D5 /* PBXTargetDependency */,
			);
			name = PRJ_GeneralFramework_SwiftTests;
			productName = PRJ_GeneralFramework_SwiftTests;
			productReference = 02099F771BDFA6FD00AF72D5 /* PRJ_GeneralFramework_SwiftTests.xctest */;
			productType = "com.apple.product-type.bundle.unit-test";
		};
/* End PBXNativeTarget section */

/* Begin PBXProject section */
		02099F581BDFA6FC00AF72D5 /* Project object */ = {
			isa = PBXProject;
			attributes = {
				LastUpgradeCheck = 0700;
				ORGANIZATIONNAME = C;
				TargetAttributes = {
					02099F5F1BDFA6FC00AF72D5 = {
						CreatedOnToolsVersion = 7.0;
					};
					02099F761BDFA6FD00AF72D5 = {
						CreatedOnToolsVersion = 7.0;
						TestTargetID = 02099F5F1BDFA6FC00AF72D5;
					};
				};
			};
			buildConfigurationList = 02099F5B1BDFA6FC00AF72D5 /* Build configuration list for PBXProject "PRJ_GeneralFramework_Swift" */;
			compatibilityVersion = "Xcode 3.2";
			developmentRegion = English;
			hasScannedForEncodings = 0;
			knownRegions = (
				en,
				Base,
			);
			mainGroup = 02099F571BDFA6FC00AF72D5;
			productRefGroup = 02099F611BDFA6FC00AF72D5 /* Products */;
			projectDirPath = "";
			projectRoot = "";
			targets = (
				02099F5F1BDFA6FC00AF72D5 /* PRJ_GeneralFramework_Swift */,
				02099F761BDFA6FD00AF72D5 /* PRJ_GeneralFramework_SwiftTests */,
			);
		};
/* End PBXProject section */

/* Begin PBXResourcesBuildPhase section */
		02099F5E1BDFA6FC00AF72D5 /* Resources */ = {
			isa = PBXResourcesBuildPhase;
			buildActionMask = 2147483647;
			files = (
				02099F711BDFA6FD00AF72D5 /* LaunchScreen.storyboard in Resources */,
				02099F6E1BDFA6FD00AF72D5 /* Assets.xcassets in Resources */,
				02099F691BDFA6FC00AF72D5 /* Main.storyboard in Resources */,
			);
			runOnlyForDeploymentPostprocessing = 0;
		};
		02099F751BDFA6FD00AF72D5 /* Resources */ = {
			isa = PBXResourcesBuildPhase;
			buildActionMask = 2147483647;
			files = (
			);
			runOnlyForDeploymentPostprocessing = 0;
		};
/* End PBXResourcesBuildPhase section */

/* Begin PBXSourcesBuildPhase section */
		02099F5C1BDFA6FC00AF72D5 /* Sources */ = {
			isa = PBXSourcesBuildPhase;
			buildActionMask = 2147483647;
			files = (
				02099F661BDFA6FC00AF72D5 /* ViewController.swift in Sources */,
				02099F6C1BDFA6FD00AF72D5 /* PRJ_GeneralFramework_Swift.xcdatamodeld in Sources */,
				02099F641BDFA6FC00AF72D5 /* AppDelegate.swift in Sources */,
			);
			runOnlyForDeploymentPostprocessing = 0;
		};
		02099F731BDFA6FD00AF72D5 /* Sources */ = {
			isa = PBXSourcesBuildPhase;
			buildActionMask = 2147483647;
			files = (
				02099F7C1BDFA6FD00AF72D5 /* PRJ_GeneralFramework_SwiftTests.swift in Sources */,
			);
			runOnlyForDeploymentPostprocessing = 0;
		};
/* End PBXSourcesBuildPhase section */

/* Begin PBXTargetDependency section */
		02099F791BDFA6FD00AF72D5 /* PBXTargetDependency */ = {
			isa = PBXTargetDependency;
			target = 02099F5F1BDFA6FC00AF72D5 /* PRJ_GeneralFramework_Swift */;
			targetProxy = 02099F781BDFA6FD00AF72D5 /* PBXContainerItemProxy */;
		};
/* End PBXTargetDependency section */

/* Begin PBXVariantGroup section */
		02099F671BDFA6FC00AF72D5 /* Main.storyboard */ = {
			isa = PBXVariantGroup;
			children = (
				02099F681BDFA6FC00AF72D5 /* Base */,
			);
			name = Main.storyboard;
			sourceTree = "<group>";
		};
		02099F6F1BDFA6FD00AF72D5 /* LaunchScreen.storyboard */ = {
			isa = PBXVariantGroup;
			children = (
				02099F701BDFA6FD00AF72D5 /* Base */,
			);
			name = LaunchScreen.storyboard;
			sourceTree = "<group>";
		};
/* End PBXVariantGroup section */

/* Begin XCBuildConfiguration section */
		02099F7E1BDFA6FD00AF72D5 /* Debug */ = {
			isa = XCBuildConfiguration;
			buildSettings = {
				ALWAYS_SEARCH_USER_PATHS = NO;
				CLANG_CXX_LANGUAGE_STANDARD = "gnu++0x";
				CLANG_CXX_LIBRARY = "libc++";
				CLANG_ENABLE_MODULES = YES;
				CLANG_ENABLE_OBJC_ARC = YES;
				CLANG_WARN_BOOL_CONVERSION = YES;
				CLANG_WARN_CONSTANT_CONVERSION = YES;
				CLANG_WARN_DIRECT_OBJC_ISA_USAGE = YES_ERROR;
				CLANG_WARN_EMPTY_BODY = YES;
				CLANG_WARN_ENUM_CONVERSION = YES;
				CLANG_WARN_INT_CONVERSION = YES;
				CLANG_WARN_OBJC_ROOT_CLASS = YES_ERROR;
				CLANG_WARN_UNREACHABLE_CODE = YES;
				CLANG_WARN__DUPLICATE_METHOD_MATCH = YES;
				"CODE_SIGN_IDENTITY[sdk=iphoneos*]" = "iPhone Developer";
				COPY_PHASE_STRIP = NO;
				DEBUG_INFORMATION_FORMAT = dwarf;
				ENABLE_STRICT_OBJC_MSGSEND = YES;
				ENABLE_TESTABILITY = YES;
				GCC_C_LANGUAGE_STANDARD = gnu99;
				GCC_DYNAMIC_NO_PIC = NO;
				GCC_NO_COMMON_BLOCKS = YES;
				GCC_OPTIMIZATION_LEVEL = 0;
				GCC_PREPROCESSOR_DEFINITIONS = (
					"DEBUG=1",
					"$(inherited)",
				);
				GCC_WARN_64_TO_32_BIT_CONVERSION = YES;
				GCC_WARN_ABOUT_RETURN_TYPE = YES_ERROR;
				GCC_WARN_UNDECLARED_SELECTOR = YES;
				GCC_WARN_UNINITIALIZED_AUTOS = YES_AGGRESSIVE;
				GCC_WARN_UNUSED_FUNCTION = YES;
				GCC_WARN_UNUSED_VARIABLE = YES;
				IPHONEOS_DEPLOYMENT_TARGET = 9.0;
				MTL_ENABLE_DEBUG_INFO = YES;
				ONLY_ACTIVE_ARCH = YES;
				SDKROOT = iphoneos;
				SWIFT_OPTIMIZATION_LEVEL = "-Onone";
			};
			name = Debug;
		};
		02099F7F1BDFA6FD00AF72D5 /* Release */ = {
			isa = XCBuildConfiguration;
			buildSettings = {
				ALWAYS_SEARCH_USER_PATHS = NO;
				CLANG_CXX_LANGUAGE_STANDARD = "gnu++0x";
				CLANG_CXX_LIBRARY = "libc++";
				CLANG_ENABLE_MODULES = YES;
				CLANG_ENABLE_OBJC_ARC = YES;
				CLANG_WARN_BOOL_CONVERSION = YES;
				CLANG_WARN_CONSTANT_CONVERSION = YES;
				CLANG_WARN_DIRECT_OBJC_ISA_USAGE = YES_ERROR;
				CLANG_WARN_EMPTY_BODY = YES;
				CLANG_WARN_ENUM_CONVERSION = YES;
				CLANG_WARN_INT_CONVERSION = YES;
				CLANG_WARN_OBJC_ROOT_CLASS = YES_ERROR;
				CLANG_WARN_UNREACHABLE_CODE = YES;
				CLANG_WARN__DUPLICATE_METHOD_MATCH = YES;
				"CODE_SIGN_IDENTITY[sdk=iphoneos*]" = "iPhone Developer";
				COPY_PHASE_STRIP = NO;
				DEBUG_INFORMATION_FORMAT = "dwarf-with-dsym";
				ENABLE_NS_ASSERTIONS = NO;
				ENABLE_STRICT_OBJC_MSGSEND = YES;
				GCC_C_LANGUAGE_STANDARD = gnu99;
				GCC_NO_COMMON_BLOCKS = YES;
				GCC_WARN_64_TO_32_BIT_CONVERSION = YES;
				GCC_WARN_ABOUT_RETURN_TYPE = YES_ERROR;
				GCC_WARN_UNDECLARED_SELECTOR = YES;
				GCC_WARN_UNINITIALIZED_AUTOS = YES_AGGRESSIVE;
				GCC_WARN_UNUSED_FUNCTION = YES;
				GCC_WARN_UNUSED_VARIABLE = YES;
				IPHONEOS_DEPLOYMENT_TARGET = 9.0;
				MTL_ENABLE_DEBUG_INFO = NO;
				SDKROOT = iphoneos;
				VALIDATE_PRODUCT = YES;
			};
			name = Release;
		};
		02099F811BDFA6FD00AF72D5 /* Debug */ = {
			isa = XCBuildConfiguration;
			buildSettings = {
				ASSETCATALOG_COMPILER_APPICON_NAME = AppIcon;
				INFOPLIST_FILE = PRJ_GeneralFramework_Swift/Info.plist;
				LD_RUNPATH_SEARCH_PATHS = "$(inherited) @executable_path/Frameworks";
				PRODUCT_BUNDLE_IDENTIFIER = "com.C.-PRJ-GeneralFramework-Swift.PRJ-GeneralFramework-Swift";
				PRODUCT_NAME = "$(TARGET_NAME)";
			};
			name = Debug;
		};
		02099F821BDFA6FD00AF72D5 /* Release */ = {
			isa = XCBuildConfiguration;
			buildSettings = {
				ASSETCATALOG_COMPILER_APPICON_NAME = AppIcon;
				INFOPLIST_FILE = PRJ_GeneralFramework_Swift/Info.plist;
				LD_RUNPATH_SEARCH_PATHS = "$(inherited) @executable_path/Frameworks";
				PRODUCT_BUNDLE_IDENTIFIER = "com.C.-PRJ-GeneralFramework-Swift.PRJ-GeneralFramework-Swift";
				PRODUCT_NAME = "$(TARGET_NAME)";
			};
			name = Release;
		};
		02099F841BDFA6FD00AF72D5 /* Debug */ = {
			isa = XCBuildConfiguration;
			buildSettings = {
				BUNDLE_LOADER = "$(TEST_HOST)";
				INFOPLIST_FILE = PRJ_GeneralFramework_SwiftTests/Info.plist;
				LD_RUNPATH_SEARCH_PATHS = "$(inherited) @executable_path/Frameworks @loader_path/Frameworks";
				PRODUCT_BUNDLE_IDENTIFIER = "com.C.-PRJ-GeneralFramework-Swift.PRJ-GeneralFramework-SwiftTests";
				PRODUCT_NAME = "$(TARGET_NAME)";
				TEST_HOST = "$(BUILT_PRODUCTS_DIR)/PRJ_GeneralFramework_Swift.app/PRJ_GeneralFramework_Swift";
			};
			name = Debug;
		};
		02099F851BDFA6FD00AF72D5 /* Release */ = {
			isa = XCBuildConfiguration;
			buildSettings = {
				BUNDLE_LOADER = "$(TEST_HOST)";
				INFOPLIST_FILE = PRJ_GeneralFramework_SwiftTests/Info.plist;
				LD_RUNPATH_SEARCH_PATHS = "$(inherited) @executable_path/Frameworks @loader_path/Frameworks";
				PRODUCT_BUNDLE_IDENTIFIER = "com.C.-PRJ-GeneralFramework-Swift.PRJ-GeneralFramework-SwiftTests";
				PRODUCT_NAME = "$(TARGET_NAME)";
				TEST_HOST = "$(BUILT_PRODUCTS_DIR)/PRJ_GeneralFramework_Swift.app/PRJ_GeneralFramework_Swift";
			};
			name = Release;
		};
/* End XCBuildConfiguration section */

/* Begin XCConfigurationList section */
		02099F5B1BDFA6FC00AF72D5 /* Build configuration list for PBXProject "PRJ_GeneralFramework_Swift" */ = {
			isa = XCConfigurationList;
			buildConfigurations = (
				02099F7E1BDFA6FD00AF72D5 /* Debug */,
				02099F7F1BDFA6FD00AF72D5 /* Release */,
			);
			defaultConfigurationIsVisible = 0;
			defaultConfigurationName = Release;
		};
		02099F801BDFA6FD00AF72D5 /* Build configuration list for PBXNativeTarget "PRJ_GeneralFramework_Swift" */ = {
			isa = XCConfigurationList;
			buildConfigurations = (
				02099F811BDFA6FD00AF72D5 /* Debug */,
				02099F821BDFA6FD00AF72D5 /* Release */,
			);
			defaultConfigurationIsVisible = 0;
		};
		02099F831BDFA6FD00AF72D5 /* Build configuration list for PBXNativeTarget "PRJ_GeneralFramework_SwiftTests" */ = {
			isa = XCConfigurationList;
			buildConfigurations = (
				02099F841BDFA6FD00AF72D5 /* Debug */,
				02099F851BDFA6FD00AF72D5 /* Release */,
			);
			defaultConfigurationIsVisible = 0;
		};
/* End XCConfigurationList section */

/* Begin XCVersionGroup section */
		02099F6A1BDFA6FC00AF72D5 /* PRJ_GeneralFramework_Swift.xcdatamodeld */ = {
			isa = XCVersionGroup;
			children = (
				02099F6B1BDFA6FC00AF72D5 /* PRJ_GeneralFramework_Swift.xcdatamodel */,
			);
			currentVersion = 02099F6B1BDFA6FC00AF72D5 /* PRJ_GeneralFramework_Swift.xcdatamodel */;
			path = PRJ_GeneralFramework_Swift.xcdatamodeld;
			sourceTree = "<group>";
			versionGroupType = wrapper.xcdatamodel;
		};
/* End XCVersionGroup section */
	};
	rootObject = 02099F581BDFA6FC00AF72D5 /* Project object */;
}
